// !$*UTF8*$!
{
	archiveVersion = 1;
	classes = {
	};
	objectVersion = 55;
	objects = {

/* Begin PBXBuildFile section */
		90A9154428C8A13800B63D68 /* Kingfisher in Frameworks */ = {isa = PBXBuildFile; productRef = 90A9154328C8A13800B63D68 /* Kingfisher */; };
		90A9154728C8A19E00B63D68 /* Realm in Frameworks */ = {isa = PBXBuildFile; productRef = 90A9154628C8A19E00B63D68 /* Realm */; };
		90A9154928C8BEF700B63D68 /* CryptoFetcher.swift in Sources */ = {isa = PBXBuildFile; fileRef = 90A9154828C8BEF700B63D68 /* CryptoFetcher.swift */; };
		90A9154B28C8C89200B63D68 /* RealmDB.swift in Sources */ = {isa = PBXBuildFile; fileRef = 90A9154A28C8C89200B63D68 /* RealmDB.swift */; };
		90A9154E28C8C8E900B63D68 /* Realm in Frameworks */ = {isa = PBXBuildFile; productRef = 90A9154D28C8C8E900B63D68 /* Realm */; };
		90A9155028C8C8E900B63D68 /* RealmSwift in Frameworks */ = {isa = PBXBuildFile; productRef = 90A9154F28C8C8E900B63D68 /* RealmSwift */; };
		90A9155328C8E2B200B63D68 /* CryptoEntityViewModel.swift in Sources */ = {isa = PBXBuildFile; fileRef = 90A9155228C8E2B200B63D68 /* CryptoEntityViewModel.swift */; };
		90A9155728C9D1F300B63D68 /* CryptoNavigationLink.swift in Sources */ = {isa = PBXBuildFile; fileRef = 90A9155628C9D1F300B63D68 /* CryptoNavigationLink.swift */; };
		90BAF1EB28C7822400B8DE59 /* CryptoChallengeApp.swift in Sources */ = {isa = PBXBuildFile; fileRef = 90BAF1EA28C7822400B8DE59 /* CryptoChallengeApp.swift */; };
		90BAF1EF28C7822600B8DE59 /* Assets.xcassets in Resources */ = {isa = PBXBuildFile; fileRef = 90BAF1EE28C7822600B8DE59 /* Assets.xcassets */; };
		90BAF1F228C7822600B8DE59 /* Preview Assets.xcassets in Resources */ = {isa = PBXBuildFile; fileRef = 90BAF1F128C7822600B8DE59 /* Preview Assets.xcassets */; };
		90BAF1F928C7823E00B8DE59 /* CryptoAPI.xcframework in Frameworks */ = {isa = PBXBuildFile; fileRef = 90BAF1F828C7823E00B8DE59 /* CryptoAPI.xcframework */; };
		90BAF1FE28C783A600B8DE59 /* HomeView.swift in Sources */ = {isa = PBXBuildFile; fileRef = 90BAF1FD28C783A600B8DE59 /* HomeView.swift */; };
		90BAF20028C7852000B8DE59 /* CryptoViewModel.swift in Sources */ = {isa = PBXBuildFile; fileRef = 90BAF1FF28C7852000B8DE59 /* CryptoViewModel.swift */; };
/* End PBXBuildFile section */

/* Begin PBXFileReference section */
		90A9154828C8BEF700B63D68 /* CryptoFetcher.swift */ = {isa = PBXFileReference; lastKnownFileType = sourcecode.swift; path = CryptoFetcher.swift; sourceTree = "<group>"; };
		90A9154A28C8C89200B63D68 /* RealmDB.swift */ = {isa = PBXFileReference; lastKnownFileType = sourcecode.swift; path = RealmDB.swift; sourceTree = "<group>"; };
		90A9155228C8E2B200B63D68 /* CryptoEntityViewModel.swift */ = {isa = PBXFileReference; lastKnownFileType = sourcecode.swift; path = CryptoEntityViewModel.swift; sourceTree = "<group>"; };
		90A9155628C9D1F300B63D68 /* CryptoNavigationLink.swift */ = {isa = PBXFileReference; lastKnownFileType = sourcecode.swift; path = CryptoNavigationLink.swift; sourceTree = "<group>"; };
		90BAF1E728C7822400B8DE59 /* CryptoChallenge.app */ = {isa = PBXFileReference; explicitFileType = wrapper.application; includeInIndex = 0; path = CryptoChallenge.app; sourceTree = BUILT_PRODUCTS_DIR; };
		90BAF1EA28C7822400B8DE59 /* CryptoChallengeApp.swift */ = {isa = PBXFileReference; lastKnownFileType = sourcecode.swift; path = CryptoChallengeApp.swift; sourceTree = "<group>"; };
		90BAF1EE28C7822600B8DE59 /* Assets.xcassets */ = {isa = PBXFileReference; lastKnownFileType = folder.assetcatalog; path = Assets.xcassets; sourceTree = "<group>"; };
		90BAF1F128C7822600B8DE59 /* Preview Assets.xcassets */ = {isa = PBXFileReference; lastKnownFileType = folder.assetcatalog; path = "Preview Assets.xcassets"; sourceTree = "<group>"; };
		90BAF1F828C7823E00B8DE59 /* CryptoAPI.xcframework */ = {isa = PBXFileReference; lastKnownFileType = wrapper.xcframework; path = CryptoAPI.xcframework; sourceTree = "<group>"; };
		90BAF1FD28C783A600B8DE59 /* HomeView.swift */ = {isa = PBXFileReference; lastKnownFileType = sourcecode.swift; path = HomeView.swift; sourceTree = "<group>"; };
		90BAF1FF28C7852000B8DE59 /* CryptoViewModel.swift */ = {isa = PBXFileReference; lastKnownFileType = sourcecode.swift; path = CryptoViewModel.swift; sourceTree = "<group>"; };
/* End PBXFileReference section */

/* Begin PBXFrameworksBuildPhase section */
		90BAF1E428C7822400B8DE59 /* Frameworks */ = {
			isa = PBXFrameworksBuildPhase;
			buildActionMask = 2147483647;
			files = (
				90A9154728C8A19E00B63D68 /* Realm in Frameworks */,
				90A9154428C8A13800B63D68 /* Kingfisher in Frameworks */,
				90A9154E28C8C8E900B63D68 /* Realm in Frameworks */,
				90A9155028C8C8E900B63D68 /* RealmSwift in Frameworks */,
				90BAF1F928C7823E00B8DE59 /* CryptoAPI.xcframework in Frameworks */,
			);
			runOnlyForDeploymentPostprocessing = 0;
		};
/* End PBXFrameworksBuildPhase section */

/* Begin PBXGroup section */
		90BAF1DE28C7822400B8DE59 = {
			isa = PBXGroup;
			children = (
				90BAF1F828C7823E00B8DE59 /* CryptoAPI.xcframework */,
				90BAF1E928C7822400B8DE59 /* CryptoChallenge */,
				90BAF1E828C7822400B8DE59 /* Products */,
			);
			sourceTree = "<group>";
		};
		90BAF1E828C7822400B8DE59 /* Products */ = {
			isa = PBXGroup;
			children = (
				90BAF1E728C7822400B8DE59 /* CryptoChallenge.app */,
			);
			name = Products;
			sourceTree = "<group>";
		};
		90BAF1E928C7822400B8DE59 /* CryptoChallenge */ = {
			isa = PBXGroup;
			children = (
				90BAF1FA28C7837B00B8DE59 /* View */,
				90BAF1FB28C7838600B8DE59 /* ViewModel */,
				90BAF1FC28C7838D00B8DE59 /* Model */,
				90BAF1EA28C7822400B8DE59 /* CryptoChallengeApp.swift */,
				90BAF1EE28C7822600B8DE59 /* Assets.xcassets */,
				90BAF1F028C7822600B8DE59 /* Preview Content */,
			);
			path = CryptoChallenge;
			sourceTree = "<group>";
		};
		90BAF1F028C7822600B8DE59 /* Preview Content */ = {
			isa = PBXGroup;
			children = (
				90BAF1F128C7822600B8DE59 /* Preview Assets.xcassets */,
			);
			path = "Preview Content";
			sourceTree = "<group>";
		};
		90BAF1FA28C7837B00B8DE59 /* View */ = {
			isa = PBXGroup;
			children = (
				90BAF1FD28C783A600B8DE59 /* HomeView.swift */,
				90A9155628C9D1F300B63D68 /* CryptoNavigationLink.swift */,
			);
			path = View;
			sourceTree = "<group>";
		};
		90BAF1FB28C7838600B8DE59 /* ViewModel */ = {
			isa = PBXGroup;
			children = (
				90BAF1FF28C7852000B8DE59 /* CryptoViewModel.swift */,
				90A9155228C8E2B200B63D68 /* CryptoEntityViewModel.swift */,
				90A9154828C8BEF700B63D68 /* CryptoFetcher.swift */,
				90A9154A28C8C89200B63D68 /* RealmDB.swift */,
			);
			path = ViewModel;
			sourceTree = "<group>";
		};
		90BAF1FC28C7838D00B8DE59 /* Model */ = {
			isa = PBXGroup;
			children = (
			);
			path = Model;
			sourceTree = "<group>";
		};
/* End PBXGroup section */

/* Begin PBXNativeTarget section */
		90BAF1E628C7822400B8DE59 /* CryptoChallenge */ = {
			isa = PBXNativeTarget;
			buildConfigurationList = 90BAF1F528C7822600B8DE59 /* Build configuration list for PBXNativeTarget "CryptoChallenge" */;
			buildPhases = (
				90BAF1E328C7822400B8DE59 /* Sources */,
				90BAF1E428C7822400B8DE59 /* Frameworks */,
				90BAF1E528C7822400B8DE59 /* Resources */,
			);
			buildRules = (
			);
			dependencies = (
			);
			name = CryptoChallenge;
			packageProductDependencies = (
				90A9154328C8A13800B63D68 /* Kingfisher */,
				90A9154628C8A19E00B63D68 /* Realm */,
				90A9154D28C8C8E900B63D68 /* Realm */,
				90A9154F28C8C8E900B63D68 /* RealmSwift */,
			);
			productName = CryptoChallenge;
			productReference = 90BAF1E728C7822400B8DE59 /* CryptoChallenge.app */;
			productType = "com.apple.product-type.application";
		};
/* End PBXNativeTarget section */

/* Begin PBXProject section */
		90BAF1DF28C7822400B8DE59 /* Project object */ = {
			isa = PBXProject;
			attributes = {
				BuildIndependentTargetsInParallel = 1;
				LastSwiftUpdateCheck = 1340;
				LastUpgradeCheck = 1340;
				TargetAttributes = {
					90BAF1E628C7822400B8DE59 = {
						CreatedOnToolsVersion = 13.4.1;
					};
				};
			};
			buildConfigurationList = 90BAF1E228C7822400B8DE59 /* Build configuration list for PBXProject "CryptoChallenge" */;
			compatibilityVersion = "Xcode 13.0";
			developmentRegion = en;
			hasScannedForEncodings = 0;
			knownRegions = (
				en,
				Base,
			);
			mainGroup = 90BAF1DE28C7822400B8DE59;
			packageReferences = (
				90A9154228C8A13800B63D68 /* XCRemoteSwiftPackageReference "Kingfisher" */,
				90A9154528C8A19E00B63D68 /* XCRemoteSwiftPackageReference "realm-swift" */,
				90A9154C28C8C8E900B63D68 /* XCRemoteSwiftPackageReference "realm-swift" */,
			);
			productRefGroup = 90BAF1E828C7822400B8DE59 /* Products */;
			projectDirPath = "";
			projectRoot = "";
			targets = (
				90BAF1E628C7822400B8DE59 /* CryptoChallenge */,
			);
		};
/* End PBXProject section */

/* Begin PBXResourcesBuildPhase section */
		90BAF1E528C7822400B8DE59 /* Resources */ = {
			isa = PBXResourcesBuildPhase;
			buildActionMask = 2147483647;
			files = (
				90BAF1F228C7822600B8DE59 /* Preview Assets.xcassets in Resources */,
				90BAF1EF28C7822600B8DE59 /* Assets.xcassets in Resources */,
			);
			runOnlyForDeploymentPostprocessing = 0;
		};
/* End PBXResourcesBuildPhase section */

/* Begin PBXSourcesBuildPhase section */
		90BAF1E328C7822400B8DE59 /* Sources */ = {
			isa = PBXSourcesBuildPhase;
			buildActionMask = 2147483647;
			files = (
				90A9155328C8E2B200B63D68 /* CryptoEntityViewModel.swift in Sources */,
				90A9154B28C8C89200B63D68 /* RealmDB.swift in Sources */,
				90A9154928C8BEF700B63D68 /* CryptoFetcher.swift in Sources */,
				90BAF1FE28C783A600B8DE59 /* HomeView.swift in Sources */,
				90A9155728C9D1F300B63D68 /* CryptoNavigationLink.swift in Sources */,
				90BAF1EB28C7822400B8DE59 /* CryptoChallengeApp.swift in Sources */,
				90BAF20028C7852000B8DE59 /* CryptoViewModel.swift in Sources */,
			);
			runOnlyForDeploymentPostprocessing = 0;
		};
/* End PBXSourcesBuildPhase section */

/* Begin XCBuildConfiguration section */
		90BAF1F328C7822600B8DE59 /* Debug */ = {
			isa = XCBuildConfiguration;
			buildSettings = {
				ALWAYS_SEARCH_USER_PATHS = NO;
				CLANG_ANALYZER_NONNULL = YES;
				CLANG_ANALYZER_NUMBER_OBJECT_CONVERSION = YES_AGGRESSIVE;
				CLANG_CXX_LANGUAGE_STANDARD = "gnu++17";
				CLANG_ENABLE_MODULES = YES;
				CLANG_ENABLE_OBJC_ARC = YES;
				CLANG_ENABLE_OBJC_WEAK = YES;
				CLANG_WARN_BLOCK_CAPTURE_AUTORELEASING = YES;
				CLANG_WARN_BOOL_CONVERSION = YES;
				CLANG_WARN_COMMA = YES;
				CLANG_WARN_CONSTANT_CONVERSION = YES;
				CLANG_WARN_DEPRECATED_OBJC_IMPLEMENTATIONS = YES;
				CLANG_WARN_DIRECT_OBJC_ISA_USAGE = YES_ERROR;
				CLANG_WARN_DOCUMENTATION_COMMENTS = YES;
				CLANG_WARN_EMPTY_BODY = YES;
				CLANG_WARN_ENUM_CONVERSION = YES;
				CLANG_WARN_INFINITE_RECURSION = YES;
				CLANG_WARN_INT_CONVERSION = YES;
				CLANG_WARN_NON_LITERAL_NULL_CONVERSION = YES;
				CLANG_WARN_OBJC_IMPLICIT_RETAIN_SELF = YES;
				CLANG_WARN_OBJC_LITERAL_CONVERSION = YES;
				CLANG_WARN_OBJC_ROOT_CLASS = YES_ERROR;
				CLANG_WARN_QUOTED_INCLUDE_IN_FRAMEWORK_HEADER = YES;
				CLANG_WARN_RANGE_LOOP_ANALYSIS = YES;
				CLANG_WARN_STRICT_PROTOTYPES = YES;
				CLANG_WARN_SUSPICIOUS_MOVE = YES;
				CLANG_WARN_UNGUARDED_AVAILABILITY = YES_AGGRESSIVE;
				CLANG_WARN_UNREACHABLE_CODE = YES;
				CLANG_WARN__DUPLICATE_METHOD_MATCH = YES;
				COPY_PHASE_STRIP = NO;
				DEBUG_INFORMATION_FORMAT = dwarf;
				ENABLE_STRICT_OBJC_MSGSEND = YES;
				ENABLE_TESTABILITY = YES;
				GCC_C_LANGUAGE_STANDARD = gnu11;
				GCC_DYNAMIC_NO_PIC = NO;
				GCC_NO_COMMON_BLOCKS = YES;
				GCC_OPTIMIZATION_LEVEL = 0;
				GCC_PREPROCESSOR_DEFINITIONS = (
					"DEBUG=1",
					"$(inherited)",
				);
				GCC_WARN_64_TO_32_BIT_CONVERSION = YES;
				GCC_WARN_ABOUT_RETURN_TYPE = YES_ERROR;
				GCC_WARN_UNDECLARED_SELECTOR = YES;
				GCC_WARN_UNINITIALIZED_AUTOS = YES_AGGRESSIVE;
				GCC_WARN_UNUSED_FUNCTION = YES;
				GCC_WARN_UNUSED_VARIABLE = YES;
				IPHONEOS_DEPLOYMENT_TARGET = 15.5;
				MTL_ENABLE_DEBUG_INFO = INCLUDE_SOURCE;
				MTL_FAST_MATH = YES;
				ONLY_ACTIVE_ARCH = YES;
				SDKROOT = iphoneos;
				SWIFT_ACTIVE_COMPILATION_CONDITIONS = DEBUG;
				SWIFT_OPTIMIZATION_LEVEL = "-Onone";
			};
			name = Debug;
		};
		90BAF1F428C7822600B8DE59 /* Release */ = {
			isa = XCBuildConfiguration;
			buildSettings = {
				ALWAYS_SEARCH_USER_PATHS = NO;
				CLANG_ANALYZER_NONNULL = YES;
				CLANG_ANALYZER_NUMBER_OBJECT_CONVERSION = YES_AGGRESSIVE;
				CLANG_CXX_LANGUAGE_STANDARD = "gnu++17";
				CLANG_ENABLE_MODULES = YES;
				CLANG_ENABLE_OBJC_ARC = YES;
				CLANG_ENABLE_OBJC_WEAK = YES;
				CLANG_WARN_BLOCK_CAPTURE_AUTORELEASING = YES;
				CLANG_WARN_BOOL_CONVERSION = YES;
				CLANG_WARN_COMMA = YES;
				CLANG_WARN_CONSTANT_CONVERSION = YES;
				CLANG_WARN_DEPRECATED_OBJC_IMPLEMENTATIONS = YES;
				CLANG_WARN_DIRECT_OBJC_ISA_USAGE = YES_ERROR;
				CLANG_WARN_DOCUMENTATION_COMMENTS = YES;
				CLANG_WARN_EMPTY_BODY = YES;
				CLANG_WARN_ENUM_CONVERSION = YES;
				CLANG_WARN_INFINITE_RECURSION = YES;
				CLANG_WARN_INT_CONVERSION = YES;
				CLANG_WARN_NON_LITERAL_NULL_CONVERSION = YES;
				CLANG_WARN_OBJC_IMPLICIT_RETAIN_SELF = YES;
				CLANG_WARN_OBJC_LITERAL_CONVERSION = YES;
				CLANG_WARN_OBJC_ROOT_CLASS = YES_ERROR;
				CLANG_WARN_QUOTED_INCLUDE_IN_FRAMEWORK_HEADER = YES;
				CLANG_WARN_RANGE_LOOP_ANALYSIS = YES;
				CLANG_WARN_STRICT_PROTOTYPES = YES;
				CLANG_WARN_SUSPICIOUS_MOVE = YES;
				CLANG_WARN_UNGUARDED_AVAILABILITY = YES_AGGRESSIVE;
				CLANG_WARN_UNREACHABLE_CODE = YES;
				CLANG_WARN__DUPLICATE_METHOD_MATCH = YES;
				COPY_PHASE_STRIP = NO;
				DEBUG_INFORMATION_FORMAT = "dwarf-with-dsym";
				ENABLE_NS_ASSERTIONS = NO;
				ENABLE_STRICT_OBJC_MSGSEND = YES;
				GCC_C_LANGUAGE_STANDARD = gnu11;
				GCC_NO_COMMON_BLOCKS = YES;
				GCC_WARN_64_TO_32_BIT_CONVERSION = YES;
				GCC_WARN_ABOUT_RETURN_TYPE = YES_ERROR;
				GCC_WARN_UNDECLARED_SELECTOR = YES;
				GCC_WARN_UNINITIALIZED_AUTOS = YES_AGGRESSIVE;
				GCC_WARN_UNUSED_FUNCTION = YES;
				GCC_WARN_UNUSED_VARIABLE = YES;
				IPHONEOS_DEPLOYMENT_TARGET = 15.5;
				MTL_ENABLE_DEBUG_INFO = NO;
				MTL_FAST_MATH = YES;
				SDKROOT = iphoneos;
				SWIFT_COMPILATION_MODE = wholemodule;
				SWIFT_OPTIMIZATION_LEVEL = "-O";
				VALIDATE_PRODUCT = YES;
			};
			name = Release;
		};
		90BAF1F628C7822600B8DE59 /* Debug */ = {
			isa = XCBuildConfiguration;
			buildSettings = {
				ASSETCATALOG_COMPILER_APPICON_NAME = AppIcon;
				ASSETCATALOG_COMPILER_GLOBAL_ACCENT_COLOR_NAME = AccentColor;
				CODE_SIGN_STYLE = Automatic;
				CURRENT_PROJECT_VERSION = 1;
				DEVELOPMENT_ASSET_PATHS = "\"CryptoChallenge/Preview Content\"";
				ENABLE_PREVIEWS = YES;
				GENERATE_INFOPLIST_FILE = YES;
				INFOPLIST_KEY_UIApplicationSceneManifest_Generation = YES;
				INFOPLIST_KEY_UIApplicationSupportsIndirectInputEvents = YES;
				INFOPLIST_KEY_UILaunchScreen_Generation = YES;
				INFOPLIST_KEY_UISupportedInterfaceOrientations_iPad = "UIInterfaceOrientationPortrait UIInterfaceOrientationPortraitUpsideDown UIInterfaceOrientationLandscapeLeft UIInterfaceOrientationLandscapeRight";
				INFOPLIST_KEY_UISupportedInterfaceOrientations_iPhone = "UIInterfaceOrientationPortrait UIInterfaceOrientationLandscapeLeft UIInterfaceOrientationLandscapeRight";
				LD_RUNPATH_SEARCH_PATHS = (
					"$(inherited)",
					"@executable_path/Frameworks",
				);
				MARKETING_VERSION = 1.0;
				PRODUCT_BUNDLE_IDENTIFIER = com.test.CryptoChallenge;
				PRODUCT_NAME = "$(TARGET_NAME)";
				SWIFT_EMIT_LOC_STRINGS = YES;
				SWIFT_VERSION = 5.0;
				TARGETED_DEVICE_FAMILY = "1,2";
			};
			name = Debug;
		};
		90BAF1F728C7822600B8DE59 /* Release */ = {
			isa = XCBuildConfiguration;
			buildSettings = {
				ASSETCATALOG_COMPILER_APPICON_NAME = AppIcon;
				ASSETCATALOG_COMPILER_GLOBAL_ACCENT_COLOR_NAME = AccentColor;
				CODE_SIGN_STYLE = Automatic;
				CURRENT_PROJECT_VERSION = 1;
				DEVELOPMENT_ASSET_PATHS = "\"CryptoChallenge/Preview Content\"";
				ENABLE_PREVIEWS = YES;
				GENERATE_INFOPLIST_FILE = YES;
				INFOPLIST_KEY_UIApplicationSceneManifest_Generation = YES;
				INFOPLIST_KEY_UIApplicationSupportsIndirectInputEvents = YES;
				INFOPLIST_KEY_UILaunchScreen_Generation = YES;
				INFOPLIST_KEY_UISupportedInterfaceOrientations_iPad = "UIInterfaceOrientationPortrait UIInterfaceOrientationPortraitUpsideDown UIInterfaceOrientationLandscapeLeft UIInterfaceOrientationLandscapeRight";
				INFOPLIST_KEY_UISupportedInterfaceOrientations_iPhone = "UIInterfaceOrientationPortrait UIInterfaceOrientationLandscapeLeft UIInterfaceOrientationLandscapeRight";
				LD_RUNPATH_SEARCH_PATHS = (
					"$(inherited)",
					"@executable_path/Frameworks",
				);
				MARKETING_VERSION = 1.0;
				PRODUCT_BUNDLE_IDENTIFIER = com.test.CryptoChallenge;
				PRODUCT_NAME = "$(TARGET_NAME)";
				SWIFT_EMIT_LOC_STRINGS = YES;
				SWIFT_VERSION = 5.0;
				TARGETED_DEVICE_FAMILY = "1,2";
			};
			name = Release;
		};
/* End XCBuildConfiguration section */

/* Begin XCConfigurationList section */
		90BAF1E228C7822400B8DE59 /* Build configuration list for PBXProject "CryptoChallenge" */ = {
			isa = XCConfigurationList;
			buildConfigurations = (
				90BAF1F328C7822600B8DE59 /* Debug */,
				90BAF1F428C7822600B8DE59 /* Release */,
			);
			defaultConfigurationIsVisible = 0;
			defaultConfigurationName = Release;
		};
		90BAF1F528C7822600B8DE59 /* Build configuration list for PBXNativeTarget "CryptoChallenge" */ = {
			isa = XCConfigurationList;
			buildConfigurations = (
				90BAF1F628C7822600B8DE59 /* Debug */,
				90BAF1F728C7822600B8DE59 /* Release */,
			);
			defaultConfigurationIsVisible = 0;
			defaultConfigurationName = Release;
		};
/* End XCConfigurationList section */

/* Begin XCRemoteSwiftPackageReference section */
		90A9154228C8A13800B63D68 /* XCRemoteSwiftPackageReference "Kingfisher" */ = {
			isa = XCRemoteSwiftPackageReference;
			repositoryURL = "https://github.com/onevcat/Kingfisher.git";
			requirement = {
				branch = master;
				kind = branch;
			};
		};
		90A9154528C8A19E00B63D68 /* XCRemoteSwiftPackageReference "realm-swift" */ = {
			isa = XCRemoteSwiftPackageReference;
			repositoryURL = "https://github.com/realm/realm-swift.git";
			requirement = {
				branch = master;
				kind = branch;
			};
		};
		90A9154C28C8C8E900B63D68 /* XCRemoteSwiftPackageReference "realm-swift" */ = {
			isa = XCRemoteSwiftPackageReference;
			repositoryURL = "https://github.com/realm/realm-swift.git";
			requirement = {
				branch = master;
				kind = branch;
			};
		};
/* End XCRemoteSwiftPackageReference section */

/* Begin XCSwiftPackageProductDependency section */
		90A9154328C8A13800B63D68 /* Kingfisher */ = {
			isa = XCSwiftPackageProductDependency;
			package = 90A9154228C8A13800B63D68 /* XCRemoteSwiftPackageReference "Kingfisher" */;
			productName = Kingfisher;
		};
		90A9154628C8A19E00B63D68 /* Realm */ = {
			isa = XCSwiftPackageProductDependency;
			package = 90A9154528C8A19E00B63D68 /* XCRemoteSwiftPackageReference "realm-swift" */;
			productName = Realm;
		};
		90A9154D28C8C8E900B63D68 /* Realm */ = {
			isa = XCSwiftPackageProductDependency;
			package = 90A9154528C8A19E00B63D68 /* XCRemoteSwiftPackageReference "realm-swift" */;
			productName = Realm;
		};
		90A9154F28C8C8E900B63D68 /* RealmSwift */ = {
			isa = XCSwiftPackageProductDependency;
			package = 90A9154528C8A19E00B63D68 /* XCRemoteSwiftPackageReference "realm-swift" */;
			productName = RealmSwift;
		};
/* End XCSwiftPackageProductDependency section */
	};
	rootObject = 90BAF1DF28C7822400B8DE59 /* Project object */;
}
